Microsoft Visual Studio Solution File, Format Version 11.00
# Visual Studio 2008

Project("{58D6018B-4C48-E87E-DB61-CEB32B9FA35B}") = "Monster's Kitchen", "Assembly-CSharp.csproj", "{DB5280A3-C27A-CA1B-F972-484A104FE3D7}"
EndProject
Global
	GlobalSection(SolutionConfigurationPlatforms) = preSolution
		Debug|Any CPU = Debug|Any CPU
		Release|Any CPU = Release|Any CPU
	EndGlobalSection
	GlobalSection(ProjectConfigurationPlatforms) = postSolution
		{DB5280A3-C27A-CA1B-F972-484A104FE3D7}.Debug|Any CPU.ActiveCfg = Debug|Any CPU
		{DB5280A3-C27A-CA1B-F972-484A104FE3D7}.Debug|Any CPU.Build.0 = Debug|Any CPU
		{DB5280A3-C27A-CA1B-F972-484A104FE3D7}.Release|Any CPU.ActiveCfg = Release|Any CPU
		{DB5280A3-C27A-CA1B-F972-484A104FE3D7}.Release|Any CPU.Build.0 = Release|Any CPU
	EndGlobalSection
	GlobalSection(SolutionProperties) = preSolution
		HideSolutionNode = FALSE
	EndGlobalSection
	GlobalSection(MonoDevelopProperties) = preSolution
		StartupItem = Assembly-CSharp.csproj
	EndGlobalSection
EndGlobal
